
Microsoft Visual Studio Solution File, Format Version 12.00
# Visual Studio Version 16
VisualStudioVersion = 16.0.32002.261
MinimumVisualStudioVersion = 10.0.40219.1
Project("{FAE04EC0-301F-11D3-BF4B-00C04F79EFBC}") = "WebAPI", "WebAPI\WebAPI.csproj", "{EC3F482C-FEED-41D9-8B2D-075723F73E92}"
EndProject
Project("{FAE04EC0-301F-11D3-BF4B-00C04F79EFBC}") = "Stoian_Iuliana_Lab12.Android", "Stoian_Iuliana_Lab12\Stoian_Iuliana_Lab12.Android\Stoian_Iuliana_Lab12.Android.csproj", "{2DCFB30E-E159-4C3A-A5F2-5C19E48CEB89}"
EndProject
Project("{FAE04EC0-301F-11D3-BF4B-00C04F79EFBC}") = "Stoian_Iuliana_Lab12.iOS", "Stoian_Iuliana_Lab12\Stoian_Iuliana_Lab12.iOS\Stoian_Iuliana_Lab12.iOS.csproj", "{BD0A0CA4-BE7D-4CC6-9833-B7A17BB5A160}"
EndProject
Project("{FAE04EC0-301F-11D3-BF4B-00C04F79EFBC}") = "Stoian_Iuliana_Lab12", "Stoian_Iuliana_Lab12\Stoian_Iuliana_Lab12\Stoian_Iuliana_Lab12.csproj", "{50AD0E92-1DCC-4780-AEBC-F77F96CA7916}"
EndProject
Global
	GlobalSection(SolutionConfigurationPlatforms) = preSolution
		Debug|Any CPU = Debug|Any CPU
		Debug|iPhone = Debug|iPhone
		Debug|iPhoneSimulator = Debug|iPhoneSimulator
		Release|Any CPU = Release|Any CPU
		Release|iPhone = Release|iPhone
		Release|iPhoneSimulator = Release|iPhoneSimulator
	EndGlobalSection
	GlobalSection(ProjectConfigurationPlatforms) = postSolution
		{EC3F482C-FEED-41D9-8B2D-075723F73E92}.Debug|Any CPU.ActiveCfg = Debug|Any CPU
		{EC3F482C-FEED-41D9-8B2D-075723F73E92}.Debug|Any CPU.Build.0 = Debug|Any CPU
		{EC3F482C-FEED-41D9-8B2D-075723F73E92}.Debug|iPhone.ActiveCfg = Debug|Any CPU
		{EC3F482C-FEED-41D9-8B2D-075723F73E92}.Debug|iPhone.Build.0 = Debug|Any CPU
		{EC3F482C-FEED-41D9-8B2D-075723F73E92}.Debug|iPhoneSimulator.ActiveCfg = Debug|Any CPU
		{EC3F482C-FEED-41D9-8B2D-075723F73E92}.Debug|iPhoneSimulator.Build.0 = Debug|Any CPU
		{EC3F482C-FEED-41D9-8B2D-075723F73E92}.Release|Any CPU.ActiveCfg = Release|Any CPU
		{EC3F482C-FEED-41D9-8B2D-075723F73E92}.Release|Any CPU.Build.0 = Release|Any CPU
		{EC3F482C-FEED-41D9-8B2D-075723F73E92}.Release|iPhone.ActiveCfg = Release|Any CPU
		{EC3F482C-FEED-41D9-8B2D-075723F73E92}.Release|iPhone.Build.0 = Release|Any CPU
		{EC3F482C-FEED-41D9-8B2D-075723F73E92}.Release|iPhoneSimulator.ActiveCfg = Release|Any CPU
		{EC3F482C-FEED-41D9-8B2D-075723F73E92}.Release|iPhoneSimulator.Build.0 = Release|Any CPU
		{2DCFB30E-E159-4C3A-A5F2-5C19E48CEB89}.Debug|Any CPU.ActiveCfg = Debug|Any CPU
		{2DCFB30E-E159-4C3A-A5F2-5C19E48CEB89}.Debug|Any CPU.Build.0 = Debug|Any CPU
		{2DCFB30E-E159-4C3A-A5F2-5C19E48CEB89}.Debug|Any CPU.Deploy.0 = Debug|Any CPU
		{2DCFB30E-E159-4C3A-A5F2-5C19E48CEB89}.Debug|iPhone.ActiveCfg = Debug|Any CPU
		{2DCFB30E-E159-4C3A-A5F2-5C19E48CEB89}.Debug|iPhone.Build.0 = Debug|Any CPU
		{2DCFB30E-E159-4C3A-A5F2-5C19E48CEB89}.Debug|iPhone.Deploy.0 = Debug|Any CPU
		{2DCFB30E-E159-4C3A-A5F2-5C19E48CEB89}.Debug|iPhoneSimulator.ActiveCfg = Debug|Any CPU
		{2DCFB30E-E159-4C3A-A5F2-5C19E48CEB89}.Debug|iPhoneSimulator.Build.0 = Debug|Any CPU
		{2DCFB30E-E159-4C3A-A5F2-5C19E48CEB89}.Debug|iPhoneSimulator.Deploy.0 = Debug|Any CPU
		{2DCFB30E-E159-4C3A-A5F2-5C19E48CEB89}.Release|Any CPU.ActiveCfg = Release|Any CPU
		{2DCFB30E-E159-4C3A-A5F2-5C19E48CEB89}.Release|Any CPU.Build.0 = Release|Any CPU
		{2DCFB30E-E159-4C3A-A5F2-5C19E48CEB89}.Release|Any CPU.Deploy.0 = Release|Any CPU
		{2DCFB30E-E159-4C3A-A5F2-5C19E48CEB89}.Release|iPhone.ActiveCfg = Release|Any CPU
		{2DCFB30E-E159-4C3A-A5F2-5C19E48CEB89}.Release|iPhone.Build.0 = Release|Any CPU
		{2DCFB30E-E159-4C3A-A5F2-5C19E48CEB89}.Release|iPhone.Deploy.0 = Release|Any CPU
		{2DCFB30E-E159-4C3A-A5F2-5C19E48CEB89}.Release|iPhoneSimulator.ActiveCfg = Release|Any CPU
		{2DCFB30E-E159-4C3A-A5F2-5C19E48CEB89}.Release|iPhoneSimulator.Build.0 = Release|Any CPU
		{2DCFB30E-E159-4C3A-A5F2-5C19E48CEB89}.Release|iPhoneSimulator.Deploy.0 = Release|Any CPU
		{BD0A0CA4-BE7D-4CC6-9833-B7A17BB5A160}.Debug|Any CPU.ActiveCfg = Debug|iPhoneSimulator
		{BD0A0CA4-BE7D-4CC6-9833-B7A17BB5A160}.Debug|iPhone.ActiveCfg = Debug|iPhone
		{BD0A0CA4-BE7D-4CC6-9833-B7A17BB5A160}.Debug|iPhone.Build.0 = Debug|iPhone
		{BD0A0CA4-BE7D-4CC6-9833-B7A17BB5A160}.Debug|iPhoneSimulator.ActiveCfg = Debug|iPhoneSimulator
		{BD0A0CA4-BE7D-4CC6-9833-B7A17BB5A160}.Debug|iPhoneSimulator.Build.0 = Debug|iPhoneSimulator
		{BD0A0CA4-BE7D-4CC6-9833-B7A17BB5A160}.Release|Any CPU.ActiveCfg = Release|iPhoneSimulator
		{BD0A0CA4-BE7D-4CC6-9833-B7A17BB5A160}.Release|iPhone.ActiveCfg = Release|iPhone
		{BD0A0CA4-BE7D-4CC6-9833-B7A17BB5A160}.Release|iPhone.Build.0 = Release|iPhone
		{BD0A0CA4-BE7D-4CC6-9833-B7A17BB5A160}.Release|iPhoneSimulator.ActiveCfg = Release|iPhoneSimulator
		{BD0A0CA4-BE7D-4CC6-9833-B7A17BB5A160}.Release|iPhoneSimulator.Build.0 = Release|iPhoneSimulator
		{50AD0E92-1DCC-4780-AEBC-F77F96CA7916}.Debug|Any CPU.ActiveCfg = Debug|Any CPU
		{50AD0E92-1DCC-4780-AEBC-F77F96CA7916}.Debug|Any CPU.Build.0 = Debug|Any CPU
		{50AD0E92-1DCC-4780-AEBC-F77F96CA7916}.Debug|iPhone.ActiveCfg = Debug|Any CPU
		{50AD0E92-1DCC-4780-AEBC-F77F96CA7916}.Debug|iPhone.Build.0 = Debug|Any CPU
		{50AD0E92-1DCC-4780-AEBC-F77F96CA7916}.Debug|iPhoneSimulator.ActiveCfg = Debug|Any CPU
		{50AD0E92-1DCC-4780-AEBC-F77F96CA7916}.Debug|iPhoneSimulator.Build.0 = Debug|Any CPU
		{50AD0E92-1DCC-4780-AEBC-F77F96CA7916}.Release|Any CPU.ActiveCfg = Release|Any CPU
		{50AD0E92-1DCC-4780-AEBC-F77F96CA7916}.Release|Any CPU.Build.0 = Release|Any CPU
		{50AD0E92-1DCC-4780-AEBC-F77F96CA7916}.Release|iPhone.ActiveCfg = Release|Any CPU
		{50AD0E92-1DCC-4780-AEBC-F77F96CA7916}.Release|iPhone.Build.0 = Release|Any CPU
		{50AD0E92-1DCC-4780-AEBC-F77F96CA7916}.Release|iPhoneSimulator.ActiveCfg = Release|Any CPU
		{50AD0E92-1DCC-4780-AEBC-F77F96CA7916}.Release|iPhoneSimulator.Build.0 = Release|Any CPU
	EndGlobalSection
	GlobalSection(SolutionProperties) = preSolution
		HideSolutionNode = FALSE
	EndGlobalSection
	GlobalSection(ExtensibilityGlobals) = postSolution
		SolutionGuid = {537D4FD9-43B3-4E28-819F-637DD488711F}
	EndGlobalSection
EndGlobal
